// !$*UTF8*$!
{
	archiveVersion = 1;
	classes = {
	};
	objectVersion = 56;
	objects = {

/* Begin PBXBuildFile section */
		D035FB4D29077A4900D4726F /* SubjectViewController.swift in Sources */ = {isa = PBXBuildFile; fileRef = D035FB4C29077A4900D4726F /* SubjectViewController.swift */; };
		D035FB4F290788A600D4726F /* SubjectViewModel.swift in Sources */ = {isa = PBXBuildFile; fileRef = D035FB4E290788A600D4726F /* SubjectViewModel.swift */; };
		D03A1E4828FE2DB600B5CD2B /* AppDelegate.swift in Sources */ = {isa = PBXBuildFile; fileRef = D03A1E4728FE2DB600B5CD2B /* AppDelegate.swift */; };
		D03A1E4A28FE2DB600B5CD2B /* SceneDelegate.swift in Sources */ = {isa = PBXBuildFile; fileRef = D03A1E4928FE2DB600B5CD2B /* SceneDelegate.swift */; };
		D03A1E4C28FE2DB600B5CD2B /* SimpleTableViewController.swift in Sources */ = {isa = PBXBuildFile; fileRef = D03A1E4B28FE2DB600B5CD2B /* SimpleTableViewController.swift */; };
		D03A1E4F28FE2DB600B5CD2B /* Main.storyboard in Resources */ = {isa = PBXBuildFile; fileRef = D03A1E4D28FE2DB600B5CD2B /* Main.storyboard */; };
		D03A1E5128FE2DB700B5CD2B /* Assets.xcassets in Resources */ = {isa = PBXBuildFile; fileRef = D03A1E5028FE2DB700B5CD2B /* Assets.xcassets */; };
		D03A1E5428FE2DB700B5CD2B /* LaunchScreen.storyboard in Resources */ = {isa = PBXBuildFile; fileRef = D03A1E5228FE2DB700B5CD2B /* LaunchScreen.storyboard */; };
		D03A1E5D28FE390000B5CD2B /* SimpleCollectionViewController.swift in Sources */ = {isa = PBXBuildFile; fileRef = D03A1E5C28FE390000B5CD2B /* SimpleCollectionViewController.swift */; };
		D064C4E72902D23000A07762 /* ShoppingListViewController.swift in Sources */ = {isa = PBXBuildFile; fileRef = D064C4E62902D23000A07762 /* ShoppingListViewController.swift */; };
		D064C4E92902EDF400A07762 /* Shopping.swift in Sources */ = {isa = PBXBuildFile; fileRef = D064C4E82902EDF400A07762 /* Shopping.swift */; };
		D064C4EB2902EE8B00A07762 /* ShoppingListViewModel.swift in Sources */ = {isa = PBXBuildFile; fileRef = D064C4EA2902EE8B00A07762 /* ShoppingListViewModel.swift */; };
		D071265B28FF9028001E6F56 /* DiffableCollectionViewController.swift in Sources */ = {isa = PBXBuildFile; fileRef = D071265A28FF9028001E6F56 /* DiffableCollectionViewController.swift */; };
		D078E2F02901009400BDB574 /* Alamofire in Frameworks */ = {isa = PBXBuildFile; productRef = D078E2EF2901009400BDB574 /* Alamofire */; };
		D078E2F3290104D300BDB574 /* APIService.swift in Sources */ = {isa = PBXBuildFile; fileRef = D078E2F2290104D300BDB574 /* APIService.swift */; };
		D078E2F52901057800BDB574 /* SearchPhoto.swift in Sources */ = {isa = PBXBuildFile; fileRef = D078E2F42901057800BDB574 /* SearchPhoto.swift */; };
		D078E2F7290106FE00BDB574 /* .gitignore in Resources */ = {isa = PBXBuildFile; fileRef = D078E2F6290106FE00BDB574 /* .gitignore */; };
		D078E2F92901073200BDB574 /* APIKeys.swift in Sources */ = {isa = PBXBuildFile; fileRef = D078E2F82901073200BDB574 /* APIKeys.swift */; };
		D078E2FC29010B3700BDB574 /* Kingfisher in Frameworks */ = {isa = PBXBuildFile; productRef = D078E2FB29010B3700BDB574 /* Kingfisher */; };
		D078E2FE29010B5700BDB574 /* DiffableViewModel.swift in Sources */ = {isa = PBXBuildFile; fileRef = D078E2FD29010B5700BDB574 /* DiffableViewModel.swift */; };
		D0831AAC290919C10010D478 /* SimplePickerViewController.swift in Sources */ = {isa = PBXBuildFile; fileRef = D0831AAB290919C10010D478 /* SimplePickerViewController.swift */; };
		D0831AAE290919DC0010D478 /* SimplePickerView.swift in Sources */ = {isa = PBXBuildFile; fileRef = D0831AAD290919DC0010D478 /* SimplePickerView.swift */; };
		D0831AB0290919F70010D478 /* BaseView.swift in Sources */ = {isa = PBXBuildFile; fileRef = D0831AAF290919F70010D478 /* BaseView.swift */; };
		D0831AB629091AB70010D478 /* SnapKit in Frameworks */ = {isa = PBXBuildFile; productRef = D0831AB529091AB70010D478 /* SnapKit */; };
		D0831AB929091CD70010D478 /* BaseViewController.swift in Sources */ = {isa = PBXBuildFile; fileRef = D0831AB829091CD70010D478 /* BaseViewController.swift */; };
		D0831ABC290928140010D478 /* RXNumbersViewController.swift in Sources */ = {isa = PBXBuildFile; fileRef = D0831ABB290928140010D478 /* RXNumbersViewController.swift */; };
		D0831ABE290928580010D478 /* RXNumbersView.swift in Sources */ = {isa = PBXBuildFile; fileRef = D0831ABD290928580010D478 /* RXNumbersView.swift */; };
		D08CC0DF2909677300319092 /* RXNumberViewModel.swift in Sources */ = {isa = PBXBuildFile; fileRef = D08CC0DE2909677300319092 /* RXNumberViewModel.swift */; };
		D08CC0E12909718900319092 /* ValidationViewController.swift in Sources */ = {isa = PBXBuildFile; fileRef = D08CC0E02909718900319092 /* ValidationViewController.swift */; };
		D08CC0E32909733900319092 /* ValidationView.swift in Sources */ = {isa = PBXBuildFile; fileRef = D08CC0E22909733900319092 /* ValidationView.swift */; };
		D08CC0E62909739F00319092 /* Then in Frameworks */ = {isa = PBXBuildFile; productRef = D08CC0E52909739F00319092 /* Then */; };
		D08CC0E8290995D100319092 /* RXTableViewController.swift in Sources */ = {isa = PBXBuildFile; fileRef = D08CC0E7290995D100319092 /* RXTableViewController.swift */; };
		D08CC0EA290995EF00319092 /* RXTableView.swift in Sources */ = {isa = PBXBuildFile; fileRef = D08CC0E9290995EF00319092 /* RXTableView.swift */; };
		D098DF38290622B7004452D9 /* RxCocoa in Frameworks */ = {isa = PBXBuildFile; productRef = D098DF37290622B7004452D9 /* RxCocoa */; };
		D098DF3A290622B7004452D9 /* RxSwift in Frameworks */ = {isa = PBXBuildFile; productRef = D098DF39290622B7004452D9 /* RxSwift */; };
		D098DF3D290625C2004452D9 /* RxCocoaExampleViewController.swift in Sources */ = {isa = PBXBuildFile; fileRef = D098DF3C290625C2004452D9 /* RxCocoaExampleViewController.swift */; };
		D0A596682900CF8C001AA178 /* CObservable.swift in Sources */ = {isa = PBXBuildFile; fileRef = D0A596672900CF8C001AA178 /* CObservable.swift */; };
		D0A5966A2900D139001AA178 /* NewsViewController.swift in Sources */ = {isa = PBXBuildFile; fileRef = D0A596692900D139001AA178 /* NewsViewController.swift */; };
		D0A5966C2900D246001AA178 /* NewsViewModel.swift in Sources */ = {isa = PBXBuildFile; fileRef = D0A5966B2900D246001AA178 /* NewsViewModel.swift */; };
		D0A5966E2900D781001AA178 /* News.swift in Sources */ = {isa = PBXBuildFile; fileRef = D0A5966D2900D781001AA178 /* News.swift */; };
		D0BBC9DD290A0811000EE71B /* SimpleValidationViewController.swift in Sources */ = {isa = PBXBuildFile; fileRef = D0BBC9DC290A0811000EE71B /* SimpleValidationViewController.swift */; };
		D0BBC9DF290A22CA000EE71B /* SimpleValidationViewModel.swift in Sources */ = {isa = PBXBuildFile; fileRef = D0BBC9DE290A22CA000EE71B /* SimpleValidationViewModel.swift */; };
		D0DC524C2908CBB6003D7B6F /* SubscribeViewController.swift in Sources */ = {isa = PBXBuildFile; fileRef = D0DC524B2908CBB6003D7B6F /* SubscribeViewController.swift */; };
		D0E18B2629099C4A00C53718 /* RXUser.swift in Sources */ = {isa = PBXBuildFile; fileRef = D0E18B2529099C4A00C53718 /* RXUser.swift */; };
		D0E9A2E82903D1950017E14A /* GetPhoto.swift in Sources */ = {isa = PBXBuildFile; fileRef = D0E9A2E72903D1950017E14A /* GetPhoto.swift */; };
/* End PBXBuildFile section */

/* Begin PBXFileReference section */
		D035FB4C29077A4900D4726F /* SubjectViewController.swift */ = {isa = PBXFileReference; lastKnownFileType = sourcecode.swift; path = SubjectViewController.swift; sourceTree = "<group>"; };
		D035FB4E290788A600D4726F /* SubjectViewModel.swift */ = {isa = PBXFileReference; lastKnownFileType = sourcecode.swift; path = SubjectViewModel.swift; sourceTree = "<group>"; };
		D03A1E4428FE2DB600B5CD2B /* SeSacWeek16.app */ = {isa = PBXFileReference; explicitFileType = wrapper.application; includeInIndex = 0; path = SeSacWeek16.app; sourceTree = BUILT_PRODUCTS_DIR; };
		D03A1E4728FE2DB600B5CD2B /* AppDelegate.swift */ = {isa = PBXFileReference; lastKnownFileType = sourcecode.swift; path = AppDelegate.swift; sourceTree = "<group>"; };
		D03A1E4928FE2DB600B5CD2B /* SceneDelegate.swift */ = {isa = PBXFileReference; lastKnownFileType = sourcecode.swift; path = SceneDelegate.swift; sourceTree = "<group>"; };
		D03A1E4B28FE2DB600B5CD2B /* SimpleTableViewController.swift */ = {isa = PBXFileReference; lastKnownFileType = sourcecode.swift; path = SimpleTableViewController.swift; sourceTree = "<group>"; };
		D03A1E4E28FE2DB600B5CD2B /* Base */ = {isa = PBXFileReference; lastKnownFileType = file.storyboard; name = Base; path = Base.lproj/Main.storyboard; sourceTree = "<group>"; };
		D03A1E5028FE2DB700B5CD2B /* Assets.xcassets */ = {isa = PBXFileReference; lastKnownFileType = folder.assetcatalog; path = Assets.xcassets; sourceTree = "<group>"; };
		D03A1E5328FE2DB700B5CD2B /* Base */ = {isa = PBXFileReference; lastKnownFileType = file.storyboard; name = Base; path = Base.lproj/LaunchScreen.storyboard; sourceTree = "<group>"; };
		D03A1E5528FE2DB700B5CD2B /* Info.plist */ = {isa = PBXFileReference; lastKnownFileType = text.plist.xml; path = Info.plist; sourceTree = "<group>"; };
		D03A1E5C28FE390000B5CD2B /* SimpleCollectionViewController.swift */ = {isa = PBXFileReference; lastKnownFileType = sourcecode.swift; path = SimpleCollectionViewController.swift; sourceTree = "<group>"; };
		D064C4E62902D23000A07762 /* ShoppingListViewController.swift */ = {isa = PBXFileReference; lastKnownFileType = sourcecode.swift; path = ShoppingListViewController.swift; sourceTree = "<group>"; };
		D064C4E82902EDF400A07762 /* Shopping.swift */ = {isa = PBXFileReference; lastKnownFileType = sourcecode.swift; path = Shopping.swift; sourceTree = "<group>"; };
		D064C4EA2902EE8B00A07762 /* ShoppingListViewModel.swift */ = {isa = PBXFileReference; lastKnownFileType = sourcecode.swift; path = ShoppingListViewModel.swift; sourceTree = "<group>"; };
		D071265A28FF9028001E6F56 /* DiffableCollectionViewController.swift */ = {isa = PBXFileReference; lastKnownFileType = sourcecode.swift; path = DiffableCollectionViewController.swift; sourceTree = "<group>"; };
		D078E2F2290104D300BDB574 /* APIService.swift */ = {isa = PBXFileReference; lastKnownFileType = sourcecode.swift; path = APIService.swift; sourceTree = "<group>"; };
		D078E2F42901057800BDB574 /* SearchPhoto.swift */ = {isa = PBXFileReference; lastKnownFileType = sourcecode.swift; path = SearchPhoto.swift; sourceTree = "<group>"; };
		D078E2F6290106FE00BDB574 /* .gitignore */ = {isa = PBXFileReference; lastKnownFileType = text; path = .gitignore; sourceTree = "<group>"; };
		D078E2F82901073200BDB574 /* APIKeys.swift */ = {isa = PBXFileReference; lastKnownFileType = sourcecode.swift; path = APIKeys.swift; sourceTree = "<group>"; };
		D078E2FD29010B5700BDB574 /* DiffableViewModel.swift */ = {isa = PBXFileReference; lastKnownFileType = sourcecode.swift; path = DiffableViewModel.swift; sourceTree = "<group>"; };
		D0831AAB290919C10010D478 /* SimplePickerViewController.swift */ = {isa = PBXFileReference; lastKnownFileType = sourcecode.swift; path = SimplePickerViewController.swift; sourceTree = "<group>"; };
		D0831AAD290919DC0010D478 /* SimplePickerView.swift */ = {isa = PBXFileReference; lastKnownFileType = sourcecode.swift; path = SimplePickerView.swift; sourceTree = "<group>"; };
		D0831AAF290919F70010D478 /* BaseView.swift */ = {isa = PBXFileReference; lastKnownFileType = sourcecode.swift; path = BaseView.swift; sourceTree = "<group>"; };
		D0831AB829091CD70010D478 /* BaseViewController.swift */ = {isa = PBXFileReference; lastKnownFileType = sourcecode.swift; path = BaseViewController.swift; sourceTree = "<group>"; };
		D0831ABB290928140010D478 /* RXNumbersViewController.swift */ = {isa = PBXFileReference; lastKnownFileType = sourcecode.swift; path = RXNumbersViewController.swift; sourceTree = "<group>"; };
		D0831ABD290928580010D478 /* RXNumbersView.swift */ = {isa = PBXFileReference; lastKnownFileType = sourcecode.swift; path = RXNumbersView.swift; sourceTree = "<group>"; };
		D08CC0DE2909677300319092 /* RXNumberViewModel.swift */ = {isa = PBXFileReference; lastKnownFileType = sourcecode.swift; path = RXNumberViewModel.swift; sourceTree = "<group>"; };
		D08CC0E02909718900319092 /* ValidationViewController.swift */ = {isa = PBXFileReference; lastKnownFileType = sourcecode.swift; path = ValidationViewController.swift; sourceTree = "<group>"; };
		D08CC0E22909733900319092 /* ValidationView.swift */ = {isa = PBXFileReference; lastKnownFileType = sourcecode.swift; path = ValidationView.swift; sourceTree = "<group>"; };
		D08CC0E7290995D100319092 /* RXTableViewController.swift */ = {isa = PBXFileReference; lastKnownFileType = sourcecode.swift; path = RXTableViewController.swift; sourceTree = "<group>"; };
		D08CC0E9290995EF00319092 /* RXTableView.swift */ = {isa = PBXFileReference; lastKnownFileType = sourcecode.swift; path = RXTableView.swift; sourceTree = "<group>"; };
		D098DF3C290625C2004452D9 /* RxCocoaExampleViewController.swift */ = {isa = PBXFileReference; lastKnownFileType = sourcecode.swift; path = RxCocoaExampleViewController.swift; sourceTree = "<group>"; };
		D0A596672900CF8C001AA178 /* CObservable.swift */ = {isa = PBXFileReference; lastKnownFileType = sourcecode.swift; path = CObservable.swift; sourceTree = "<group>"; };
		D0A596692900D139001AA178 /* NewsViewController.swift */ = {isa = PBXFileReference; lastKnownFileType = sourcecode.swift; path = NewsViewController.swift; sourceTree = "<group>"; };
		D0A5966B2900D246001AA178 /* NewsViewModel.swift */ = {isa = PBXFileReference; lastKnownFileType = sourcecode.swift; path = NewsViewModel.swift; sourceTree = "<group>"; };
		D0A5966D2900D781001AA178 /* News.swift */ = {isa = PBXFileReference; lastKnownFileType = sourcecode.swift; path = News.swift; sourceTree = "<group>"; };
		D0BBC9DC290A0811000EE71B /* SimpleValidationViewController.swift */ = {isa = PBXFileReference; lastKnownFileType = sourcecode.swift; path = SimpleValidationViewController.swift; sourceTree = "<group>"; };
		D0BBC9DE290A22CA000EE71B /* SimpleValidationViewModel.swift */ = {isa = PBXFileReference; lastKnownFileType = sourcecode.swift; path = SimpleValidationViewModel.swift; sourceTree = "<group>"; };
		D0DC524B2908CBB6003D7B6F /* SubscribeViewController.swift */ = {isa = PBXFileReference; lastKnownFileType = sourcecode.swift; path = SubscribeViewController.swift; sourceTree = "<group>"; };
		D0E18B2529099C4A00C53718 /* RXUser.swift */ = {isa = PBXFileReference; lastKnownFileType = sourcecode.swift; path = RXUser.swift; sourceTree = "<group>"; };
		D0E9A2E72903D1950017E14A /* GetPhoto.swift */ = {isa = PBXFileReference; lastKnownFileType = sourcecode.swift; path = GetPhoto.swift; sourceTree = "<group>"; };
/* End PBXFileReference section */

/* Begin PBXFrameworksBuildPhase section */
		D03A1E4128FE2DB600B5CD2B /* Frameworks */ = {
			isa = PBXFrameworksBuildPhase;
			buildActionMask = 2147483647;
			files = (
				D098DF38290622B7004452D9 /* RxCocoa in Frameworks */,
				D08CC0E62909739F00319092 /* Then in Frameworks */,
				D078E2FC29010B3700BDB574 /* Kingfisher in Frameworks */,
				D098DF3A290622B7004452D9 /* RxSwift in Frameworks */,
				D078E2F02901009400BDB574 /* Alamofire in Frameworks */,
				D0831AB629091AB70010D478 /* SnapKit in Frameworks */,
			);
			runOnlyForDeploymentPostprocessing = 0;
		};
/* End PBXFrameworksBuildPhase section */

/* Begin PBXGroup section */
		D012BD032902AE84005973A0 /* ShoppingList */ = {
			isa = PBXGroup;
			children = (
				D064C4E62902D23000A07762 /* ShoppingListViewController.swift */,
				D064C4EA2902EE8B00A07762 /* ShoppingListViewModel.swift */,
				D064C4E82902EDF400A07762 /* Shopping.swift */,
			);
			path = ShoppingList;
			sourceTree = "<group>";
		};
		D03A1E3B28FE2DB600B5CD2B = {
			isa = PBXGroup;
			children = (
				D078E2F6290106FE00BDB574 /* .gitignore */,
				D03A1E4628FE2DB600B5CD2B /* SeSacWeek16 */,
				D03A1E4528FE2DB600B5CD2B /* Products */,
			);
			sourceTree = "<group>";
		};
		D03A1E4528FE2DB600B5CD2B /* Products */ = {
			isa = PBXGroup;
			children = (
				D03A1E4428FE2DB600B5CD2B /* SeSacWeek16.app */,
			);
			name = Products;
			sourceTree = "<group>";
		};
		D03A1E4628FE2DB600B5CD2B /* SeSacWeek16 */ = {
			isa = PBXGroup;
			children = (
				D03A1E5B28FE2DDC00B5CD2B /* App */,
				D0831ABA290921460010D478 /* Base */,
				D0831AA9290919930010D478 /* RXSample */,
				D098DF3B290625A8004452D9 /* RX */,
				D0A596662900CF68001AA178 /* MVVMSample */,
				D078E2F12901012200BDB574 /* Diffable */,
				D012BD032902AE84005973A0 /* ShoppingList */,
				D03A1E4D28FE2DB600B5CD2B /* Main.storyboard */,
				D03A1E5028FE2DB700B5CD2B /* Assets.xcassets */,
				D03A1E5228FE2DB700B5CD2B /* LaunchScreen.storyboard */,
				D03A1E5528FE2DB700B5CD2B /* Info.plist */,
				D03A1E4B28FE2DB600B5CD2B /* SimpleTableViewController.swift */,
				D03A1E5C28FE390000B5CD2B /* SimpleCollectionViewController.swift */,
				D078E2F82901073200BDB574 /* APIKeys.swift */,
			);
			path = SeSacWeek16;
			sourceTree = "<group>";
		};
		D03A1E5B28FE2DDC00B5CD2B /* App */ = {
			isa = PBXGroup;
			children = (
				D03A1E4728FE2DB600B5CD2B /* AppDelegate.swift */,
				D03A1E4928FE2DB600B5CD2B /* SceneDelegate.swift */,
			);
			path = App;
			sourceTree = "<group>";
		};
		D078E2F12901012200BDB574 /* Diffable */ = {
			isa = PBXGroup;
			children = (
				D071265A28FF9028001E6F56 /* DiffableCollectionViewController.swift */,
				D078E2FD29010B5700BDB574 /* DiffableViewModel.swift */,
				D078E2F2290104D300BDB574 /* APIService.swift */,
				D078E2F42901057800BDB574 /* SearchPhoto.swift */,
				D0E9A2E72903D1950017E14A /* GetPhoto.swift */,
			);
			path = Diffable;
			sourceTree = "<group>";
		};
		D0831AA6290912BA0010D478 /* Subject */ = {
			isa = PBXGroup;
			children = (
				D035FB4C29077A4900D4726F /* SubjectViewController.swift */,
				D035FB4E290788A600D4726F /* SubjectViewModel.swift */,
			);
			path = Subject;
			sourceTree = "<group>";
		};
		D0831AA7290912C90010D478 /* Subscribe */ = {
			isa = PBXGroup;
			children = (
				D0DC524B2908CBB6003D7B6F /* SubscribeViewController.swift */,
			);
			path = Subscribe;
			sourceTree = "<group>";
		};
		D0831AA8290912E50010D478 /* RXCocoa */ = {
			isa = PBXGroup;
			children = (
				D098DF3C290625C2004452D9 /* RxCocoaExampleViewController.swift */,
			);
			path = RXCocoa;
			sourceTree = "<group>";
		};
		D0831AA9290919930010D478 /* RXSample */ = {
			isa = PBXGroup;
			children = (
				D0831AAA290919B10010D478 /* SimplePicker */,
				D0831AB129091A630010D478 /* Numbers */,
				D0831AB329091A760010D478 /* SimpleValidationView */,
				D0831AB229091A740010D478 /* SimpleTableView */,
			);
			path = RXSample;
			sourceTree = "<group>";
		};
		D0831AAA290919B10010D478 /* SimplePicker */ = {
			isa = PBXGroup;
			children = (
				D0831AAB290919C10010D478 /* SimplePickerViewController.swift */,
				D0831AAD290919DC0010D478 /* SimplePickerView.swift */,
			);
			path = SimplePicker;
			sourceTree = "<group>";
		};
		D0831AB129091A630010D478 /* Numbers */ = {
			isa = PBXGroup;
			children = (
				D0831ABB290928140010D478 /* RXNumbersViewController.swift */,
				D0831ABD290928580010D478 /* RXNumbersView.swift */,
				D08CC0DE2909677300319092 /* RXNumberViewModel.swift */,
			);
			path = Numbers;
			sourceTree = "<group>";
		};
		D0831AB229091A740010D478 /* SimpleTableView */ = {
			isa = PBXGroup;
			children = (
				D08CC0E7290995D100319092 /* RXTableViewController.swift */,
				D08CC0E9290995EF00319092 /* RXTableView.swift */,
				D0E18B2529099C4A00C53718 /* RXUser.swift */,
			);
			path = SimpleTableView;
			sourceTree = "<group>";
		};
		D0831AB329091A760010D478 /* SimpleValidationView */ = {
			isa = PBXGroup;
			children = (
				D08CC0E02909718900319092 /* ValidationViewController.swift */,
				D08CC0E22909733900319092 /* ValidationView.swift */,
			);
			path = SimpleValidationView;
			sourceTree = "<group>";
		};
		D0831ABA290921460010D478 /* Base */ = {
			isa = PBXGroup;
			children = (
				D0831AB829091CD70010D478 /* BaseViewController.swift */,
				D0831AAF290919F70010D478 /* BaseView.swift */,
			);
			path = Base;
			sourceTree = "<group>";
		};
		D098DF3B290625A8004452D9 /* RX */ = {
			isa = PBXGroup;
			children = (
				D0BBC9DB290A07A0000EE71B /* Validation */,
				D0831AA8290912E50010D478 /* RXCocoa */,
				D0831AA6290912BA0010D478 /* Subject */,
				D0831AA7290912C90010D478 /* Subscribe */,
			);
			path = RX;
			sourceTree = "<group>";
		};
		D0A596662900CF68001AA178 /* MVVMSample */ = {
			isa = PBXGroup;
			children = (
				D0A596672900CF8C001AA178 /* CObservable.swift */,
				D0A596692900D139001AA178 /* NewsViewController.swift */,
				D0A5966B2900D246001AA178 /* NewsViewModel.swift */,
				D0A5966D2900D781001AA178 /* News.swift */,
			);
			path = MVVMSample;
			sourceTree = "<group>";
		};
		D0BBC9DB290A07A0000EE71B /* Validation */ = {
			isa = PBXGroup;
			children = (
				D0BBC9DC290A0811000EE71B /* SimpleValidationViewController.swift */,
				D0BBC9DE290A22CA000EE71B /* SimpleValidationViewModel.swift */,
			);
			path = Validation;
			sourceTree = "<group>";
		};
/* End PBXGroup section */

/* Begin PBXNativeTarget section */
		D03A1E4328FE2DB600B5CD2B /* SeSacWeek16 */ = {
			isa = PBXNativeTarget;
			buildConfigurationList = D03A1E5828FE2DB700B5CD2B /* Build configuration list for PBXNativeTarget "SeSacWeek16" */;
			buildPhases = (
				D03A1E4028FE2DB600B5CD2B /* Sources */,
				D03A1E4128FE2DB600B5CD2B /* Frameworks */,
				D03A1E4228FE2DB600B5CD2B /* Resources */,
			);
			buildRules = (
			);
			dependencies = (
			);
			name = SeSacWeek16;
			packageProductDependencies = (
				D078E2EF2901009400BDB574 /* Alamofire */,
				D078E2FB29010B3700BDB574 /* Kingfisher */,
				D098DF37290622B7004452D9 /* RxCocoa */,
				D098DF39290622B7004452D9 /* RxSwift */,
				D0831AB529091AB70010D478 /* SnapKit */,
				D08CC0E52909739F00319092 /* Then */,
			);
			productName = SeSacWeek16;
			productReference = D03A1E4428FE2DB600B5CD2B /* SeSacWeek16.app */;
			productType = "com.apple.product-type.application";
		};
/* End PBXNativeTarget section */

/* Begin PBXProject section */
		D03A1E3C28FE2DB600B5CD2B /* Project object */ = {
			isa = PBXProject;
			attributes = {
				BuildIndependentTargetsInParallel = 1;
				LastSwiftUpdateCheck = 1400;
				LastUpgradeCheck = 1400;
				TargetAttributes = {
					D03A1E4328FE2DB600B5CD2B = {
						CreatedOnToolsVersion = 14.0.1;
					};
				};
			};
			buildConfigurationList = D03A1E3F28FE2DB600B5CD2B /* Build configuration list for PBXProject "SeSacWeek16" */;
			compatibilityVersion = "Xcode 14.0";
			developmentRegion = en;
			hasScannedForEncodings = 0;
			knownRegions = (
				en,
				Base,
			);
			mainGroup = D03A1E3B28FE2DB600B5CD2B;
			packageReferences = (
				D078E2EE2901009400BDB574 /* XCRemoteSwiftPackageReference "Alamofire" */,
				D078E2FA29010B3700BDB574 /* XCRemoteSwiftPackageReference "Kingfisher" */,
				D098DF36290622B7004452D9 /* XCRemoteSwiftPackageReference "RxSwift" */,
				D0831AB429091AB70010D478 /* XCRemoteSwiftPackageReference "SnapKit" */,
				D08CC0E42909739F00319092 /* XCRemoteSwiftPackageReference "Then" */,
			);
			productRefGroup = D03A1E4528FE2DB600B5CD2B /* Products */;
			projectDirPath = "";
			projectRoot = "";
			targets = (
				D03A1E4328FE2DB600B5CD2B /* SeSacWeek16 */,
			);
		};
/* End PBXProject section */

/* Begin PBXResourcesBuildPhase section */
		D03A1E4228FE2DB600B5CD2B /* Resources */ = {
			isa = PBXResourcesBuildPhase;
			buildActionMask = 2147483647;
			files = (
				D078E2F7290106FE00BDB574 /* .gitignore in Resources */,
				D03A1E5428FE2DB700B5CD2B /* LaunchScreen.storyboard in Resources */,
				D03A1E5128FE2DB700B5CD2B /* Assets.xcassets in Resources */,
				D03A1E4F28FE2DB600B5CD2B /* Main.storyboard in Resources */,
			);
			runOnlyForDeploymentPostprocessing = 0;
		};
/* End PBXResourcesBuildPhase section */

/* Begin PBXSourcesBuildPhase section */
		D03A1E4028FE2DB600B5CD2B /* Sources */ = {
			isa = PBXSourcesBuildPhase;
			buildActionMask = 2147483647;
			files = (
				D078E2F52901057800BDB574 /* SearchPhoto.swift in Sources */,
				D035FB4F290788A600D4726F /* SubjectViewModel.swift in Sources */,
				D08CC0E12909718900319092 /* ValidationViewController.swift in Sources */,
				D098DF3D290625C2004452D9 /* RxCocoaExampleViewController.swift in Sources */,
				D0DC524C2908CBB6003D7B6F /* SubscribeViewController.swift in Sources */,
				D0A596682900CF8C001AA178 /* CObservable.swift in Sources */,
				D0E9A2E82903D1950017E14A /* GetPhoto.swift in Sources */,
				D0831AAC290919C10010D478 /* SimplePickerViewController.swift in Sources */,
				D0831ABE290928580010D478 /* RXNumbersView.swift in Sources */,
				D071265B28FF9028001E6F56 /* DiffableCollectionViewController.swift in Sources */,
				D035FB4D29077A4900D4726F /* SubjectViewController.swift in Sources */,
				D03A1E5D28FE390000B5CD2B /* SimpleCollectionViewController.swift in Sources */,
				D064C4E92902EDF400A07762 /* Shopping.swift in Sources */,
				D0A5966E2900D781001AA178 /* News.swift in Sources */,
				D0BBC9DF290A22CA000EE71B /* SimpleValidationViewModel.swift in Sources */,
				D064C4EB2902EE8B00A07762 /* ShoppingListViewModel.swift in Sources */,
				D03A1E4C28FE2DB600B5CD2B /* SimpleTableViewController.swift in Sources */,
				D078E2F92901073200BDB574 /* APIKeys.swift in Sources */,
				D0831AB0290919F70010D478 /* BaseView.swift in Sources */,
				D08CC0DF2909677300319092 /* RXNumberViewModel.swift in Sources */,
				D08CC0E8290995D100319092 /* RXTableViewController.swift in Sources */,
				D0A5966A2900D139001AA178 /* NewsViewController.swift in Sources */,
				D078E2F3290104D300BDB574 /* APIService.swift in Sources */,
				D03A1E4828FE2DB600B5CD2B /* AppDelegate.swift in Sources */,
				D0831AAE290919DC0010D478 /* SimplePickerView.swift in Sources */,
				D0831AB929091CD70010D478 /* BaseViewController.swift in Sources */,
				D0BBC9DD290A0811000EE71B /* SimpleValidationViewController.swift in Sources */,
				D08CC0EA290995EF00319092 /* RXTableView.swift in Sources */,
				D0831ABC290928140010D478 /* RXNumbersViewController.swift in Sources */,
				D064C4E72902D23000A07762 /* ShoppingListViewController.swift in Sources */,
				D03A1E4A28FE2DB600B5CD2B /* SceneDelegate.swift in Sources */,
				D08CC0E32909733900319092 /* ValidationView.swift in Sources */,
				D0E18B2629099C4A00C53718 /* RXUser.swift in Sources */,
				D0A5966C2900D246001AA178 /* NewsViewModel.swift in Sources */,
				D078E2FE29010B5700BDB574 /* DiffableViewModel.swift in Sources */,
			);
			runOnlyForDeploymentPostprocessing = 0;
		};
/* End PBXSourcesBuildPhase section */

/* Begin PBXVariantGroup section */
		D03A1E4D28FE2DB600B5CD2B /* Main.storyboard */ = {
			isa = PBXVariantGroup;
			children = (
				D03A1E4E28FE2DB600B5CD2B /* Base */,
			);
			name = Main.storyboard;
			sourceTree = "<group>";
		};
		D03A1E5228FE2DB700B5CD2B /* LaunchScreen.storyboard */ = {
			isa = PBXVariantGroup;
			children = (
				D03A1E5328FE2DB700B5CD2B /* Base */,
			);
			name = LaunchScreen.storyboard;
			sourceTree = "<group>";
		};
/* End PBXVariantGroup section */

/* Begin XCBuildConfiguration section */
		D03A1E5628FE2DB700B5CD2B /* Debug */ = {
			isa = XCBuildConfiguration;
			buildSettings = {
				ALWAYS_SEARCH_USER_PATHS = NO;
				CLANG_ANALYZER_NONNULL = YES;
				CLANG_ANALYZER_NUMBER_OBJECT_CONVERSION = YES_AGGRESSIVE;
				CLANG_CXX_LANGUAGE_STANDARD = "gnu++20";
				CLANG_ENABLE_MODULES = YES;
				CLANG_ENABLE_OBJC_ARC = YES;
				CLANG_ENABLE_OBJC_WEAK = YES;
				CLANG_WARN_BLOCK_CAPTURE_AUTORELEASING = YES;
				CLANG_WARN_BOOL_CONVERSION = YES;
				CLANG_WARN_COMMA = YES;
				CLANG_WARN_CONSTANT_CONVERSION = YES;
				CLANG_WARN_DEPRECATED_OBJC_IMPLEMENTATIONS = YES;
				CLANG_WARN_DIRECT_OBJC_ISA_USAGE = YES_ERROR;
				CLANG_WARN_DOCUMENTATION_COMMENTS = YES;
				CLANG_WARN_EMPTY_BODY = YES;
				CLANG_WARN_ENUM_CONVERSION = YES;
				CLANG_WARN_INFINITE_RECURSION = YES;
				CLANG_WARN_INT_CONVERSION = YES;
				CLANG_WARN_NON_LITERAL_NULL_CONVERSION = YES;
				CLANG_WARN_OBJC_IMPLICIT_RETAIN_SELF = YES;
				CLANG_WARN_OBJC_LITERAL_CONVERSION = YES;
				CLANG_WARN_OBJC_ROOT_CLASS = YES_ERROR;
				CLANG_WARN_QUOTED_INCLUDE_IN_FRAMEWORK_HEADER = YES;
				CLANG_WARN_RANGE_LOOP_ANALYSIS = YES;
				CLANG_WARN_STRICT_PROTOTYPES = YES;
				CLANG_WARN_SUSPICIOUS_MOVE = YES;
				CLANG_WARN_UNGUARDED_AVAILABILITY = YES_AGGRESSIVE;
				CLANG_WARN_UNREACHABLE_CODE = YES;
				CLANG_WARN__DUPLICATE_METHOD_MATCH = YES;
				COPY_PHASE_STRIP = NO;
				DEBUG_INFORMATION_FORMAT = dwarf;
				ENABLE_STRICT_OBJC_MSGSEND = YES;
				ENABLE_TESTABILITY = YES;
				GCC_C_LANGUAGE_STANDARD = gnu11;
				GCC_DYNAMIC_NO_PIC = NO;
				GCC_NO_COMMON_BLOCKS = YES;
				GCC_OPTIMIZATION_LEVEL = 0;
				GCC_PREPROCESSOR_DEFINITIONS = (
					"DEBUG=1",
					"$(inherited)",
				);
				GCC_WARN_64_TO_32_BIT_CONVERSION = YES;
				GCC_WARN_ABOUT_RETURN_TYPE = YES_ERROR;
				GCC_WARN_UNDECLARED_SELECTOR = YES;
				GCC_WARN_UNINITIALIZED_AUTOS = YES_AGGRESSIVE;
				GCC_WARN_UNUSED_FUNCTION = YES;
				GCC_WARN_UNUSED_VARIABLE = YES;
				IPHONEOS_DEPLOYMENT_TARGET = 16.0;
				MTL_ENABLE_DEBUG_INFO = INCLUDE_SOURCE;
				MTL_FAST_MATH = YES;
				ONLY_ACTIVE_ARCH = YES;
				SDKROOT = iphoneos;
				SWIFT_ACTIVE_COMPILATION_CONDITIONS = DEBUG;
				SWIFT_OPTIMIZATION_LEVEL = "-Onone";
			};
			name = Debug;
		};
		D03A1E5728FE2DB700B5CD2B /* Release */ = {
			isa = XCBuildConfiguration;
			buildSettings = {
				ALWAYS_SEARCH_USER_PATHS = NO;
				CLANG_ANALYZER_NONNULL = YES;
				CLANG_ANALYZER_NUMBER_OBJECT_CONVERSION = YES_AGGRESSIVE;
				CLANG_CXX_LANGUAGE_STANDARD = "gnu++20";
				CLANG_ENABLE_MODULES = YES;
				CLANG_ENABLE_OBJC_ARC = YES;
				CLANG_ENABLE_OBJC_WEAK = YES;
				CLANG_WARN_BLOCK_CAPTURE_AUTORELEASING = YES;
				CLANG_WARN_BOOL_CONVERSION = YES;
				CLANG_WARN_COMMA = YES;
				CLANG_WARN_CONSTANT_CONVERSION = YES;
				CLANG_WARN_DEPRECATED_OBJC_IMPLEMENTATIONS = YES;
				CLANG_WARN_DIRECT_OBJC_ISA_USAGE = YES_ERROR;
				CLANG_WARN_DOCUMENTATION_COMMENTS = YES;
				CLANG_WARN_EMPTY_BODY = YES;
				CLANG_WARN_ENUM_CONVERSION = YES;
				CLANG_WARN_INFINITE_RECURSION = YES;
				CLANG_WARN_INT_CONVERSION = YES;
				CLANG_WARN_NON_LITERAL_NULL_CONVERSION = YES;
				CLANG_WARN_OBJC_IMPLICIT_RETAIN_SELF = YES;
				CLANG_WARN_OBJC_LITERAL_CONVERSION = YES;
				CLANG_WARN_OBJC_ROOT_CLASS = YES_ERROR;
				CLANG_WARN_QUOTED_INCLUDE_IN_FRAMEWORK_HEADER = YES;
				CLANG_WARN_RANGE_LOOP_ANALYSIS = YES;
				CLANG_WARN_STRICT_PROTOTYPES = YES;
				CLANG_WARN_SUSPICIOUS_MOVE = YES;
				CLANG_WARN_UNGUARDED_AVAILABILITY = YES_AGGRESSIVE;
				CLANG_WARN_UNREACHABLE_CODE = YES;
				CLANG_WARN__DUPLICATE_METHOD_MATCH = YES;
				COPY_PHASE_STRIP = NO;
				DEBUG_INFORMATION_FORMAT = "dwarf-with-dsym";
				ENABLE_NS_ASSERTIONS = NO;
				ENABLE_STRICT_OBJC_MSGSEND = YES;
				GCC_C_LANGUAGE_STANDARD = gnu11;
				GCC_NO_COMMON_BLOCKS = YES;
				GCC_WARN_64_TO_32_BIT_CONVERSION = YES;
				GCC_WARN_ABOUT_RETURN_TYPE = YES_ERROR;
				GCC_WARN_UNDECLARED_SELECTOR = YES;
				GCC_WARN_UNINITIALIZED_AUTOS = YES_AGGRESSIVE;
				GCC_WARN_UNUSED_FUNCTION = YES;
				GCC_WARN_UNUSED_VARIABLE = YES;
				IPHONEOS_DEPLOYMENT_TARGET = 16.0;
				MTL_ENABLE_DEBUG_INFO = NO;
				MTL_FAST_MATH = YES;
				SDKROOT = iphoneos;
				SWIFT_COMPILATION_MODE = wholemodule;
				SWIFT_OPTIMIZATION_LEVEL = "-O";
				VALIDATE_PRODUCT = YES;
			};
			name = Release;
		};
		D03A1E5928FE2DB700B5CD2B /* Debug */ = {
			isa = XCBuildConfiguration;
			buildSettings = {
				ASSETCATALOG_COMPILER_APPICON_NAME = AppIcon;
				ASSETCATALOG_COMPILER_GLOBAL_ACCENT_COLOR_NAME = AccentColor;
				CODE_SIGN_STYLE = Automatic;
				CURRENT_PROJECT_VERSION = 1;
				DEVELOPMENT_TEAM = PW2RLJT734;
				GENERATE_INFOPLIST_FILE = YES;
				INFOPLIST_FILE = SeSacWeek16/Info.plist;
				INFOPLIST_KEY_UIApplicationSupportsIndirectInputEvents = YES;
				INFOPLIST_KEY_UILaunchStoryboardName = LaunchScreen;
				INFOPLIST_KEY_UIMainStoryboardFile = Main;
				INFOPLIST_KEY_UISupportedInterfaceOrientations = UIInterfaceOrientationPortrait;
				INFOPLIST_KEY_UISupportedInterfaceOrientations_iPad = "UIInterfaceOrientationLandscapeLeft UIInterfaceOrientationLandscapeRight UIInterfaceOrientationPortrait UIInterfaceOrientationPortraitUpsideDown";
				IPHONEOS_DEPLOYMENT_TARGET = 14.0;
				LD_RUNPATH_SEARCH_PATHS = (
					"$(inherited)",
					"@executable_path/Frameworks",
				);
				MARKETING_VERSION = 1.0;
				PRODUCT_BUNDLE_IDENTIFIER = com.DongHee.SeSacWeek16;
				PRODUCT_NAME = "$(TARGET_NAME)";
				SUPPORTED_PLATFORMS = "iphoneos iphonesimulator";
				SUPPORTS_MACCATALYST = NO;
				SUPPORTS_MAC_DESIGNED_FOR_IPHONE_IPAD = YES;
				SWIFT_EMIT_LOC_STRINGS = YES;
				SWIFT_VERSION = 5.0;
				TARGETED_DEVICE_FAMILY = 1;
			};
			name = Debug;
		};
		D03A1E5A28FE2DB700B5CD2B /* Release */ = {
			isa = XCBuildConfiguration;
			buildSettings = {
				ASSETCATALOG_COMPILER_APPICON_NAME = AppIcon;
				ASSETCATALOG_COMPILER_GLOBAL_ACCENT_COLOR_NAME = AccentColor;
				CODE_SIGN_STYLE = Automatic;
				CURRENT_PROJECT_VERSION = 1;
				DEVELOPMENT_TEAM = PW2RLJT734;
				GENERATE_INFOPLIST_FILE = YES;
				INFOPLIST_FILE = SeSacWeek16/Info.plist;
				INFOPLIST_KEY_UIApplicationSupportsIndirectInputEvents = YES;
				INFOPLIST_KEY_UILaunchStoryboardName = LaunchScreen;
				INFOPLIST_KEY_UIMainStoryboardFile = Main;
				INFOPLIST_KEY_UISupportedInterfaceOrientations = UIInterfaceOrientationPortrait;
				INFOPLIST_KEY_UISupportedInterfaceOrientations_iPad = "UIInterfaceOrientationLandscapeLeft UIInterfaceOrientationLandscapeRight UIInterfaceOrientationPortrait UIInterfaceOrientationPortraitUpsideDown";
				IPHONEOS_DEPLOYMENT_TARGET = 14.0;
				LD_RUNPATH_SEARCH_PATHS = (
					"$(inherited)",
					"@executable_path/Frameworks",
				);
				MARKETING_VERSION = 1.0;
				PRODUCT_BUNDLE_IDENTIFIER = com.DongHee.SeSacWeek16;
				PRODUCT_NAME = "$(TARGET_NAME)";
				SUPPORTED_PLATFORMS = "iphoneos iphonesimulator";
				SUPPORTS_MACCATALYST = NO;
				SUPPORTS_MAC_DESIGNED_FOR_IPHONE_IPAD = YES;
				SWIFT_EMIT_LOC_STRINGS = YES;
				SWIFT_VERSION = 5.0;
				TARGETED_DEVICE_FAMILY = 1;
			};
			name = Release;
		};
/* End XCBuildConfiguration section */

/* Begin XCConfigurationList section */
		D03A1E3F28FE2DB600B5CD2B /* Build configuration list for PBXProject "SeSacWeek16" */ = {
			isa = XCConfigurationList;
			buildConfigurations = (
				D03A1E5628FE2DB700B5CD2B /* Debug */,
				D03A1E5728FE2DB700B5CD2B /* Release */,
			);
			defaultConfigurationIsVisible = 0;
			defaultConfigurationName = Release;
		};
		D03A1E5828FE2DB700B5CD2B /* Build configuration list for PBXNativeTarget "SeSacWeek16" */ = {
			isa = XCConfigurationList;
			buildConfigurations = (
				D03A1E5928FE2DB700B5CD2B /* Debug */,
				D03A1E5A28FE2DB700B5CD2B /* Release */,
			);
			defaultConfigurationIsVisible = 0;
			defaultConfigurationName = Release;
		};
/* End XCConfigurationList section */

/* Begin XCRemoteSwiftPackageReference section */
		D078E2EE2901009400BDB574 /* XCRemoteSwiftPackageReference "Alamofire" */ = {
			isa = XCRemoteSwiftPackageReference;
			repositoryURL = "http://github.com/Alamofire/Alamofire";
			requirement = {
				kind = upToNextMajorVersion;
				minimumVersion = 5.0.0;
			};
		};
		D078E2FA29010B3700BDB574 /* XCRemoteSwiftPackageReference "Kingfisher" */ = {
			isa = XCRemoteSwiftPackageReference;
			repositoryURL = "https://github.com/onevcat/Kingfisher.git";
			requirement = {
				kind = upToNextMajorVersion;
				minimumVersion = 7.0.0;
			};
		};
		D0831AB429091AB70010D478 /* XCRemoteSwiftPackageReference "SnapKit" */ = {
			isa = XCRemoteSwiftPackageReference;
			repositoryURL = "https://github.com/SnapKit/SnapKit.git";
			requirement = {
				kind = upToNextMajorVersion;
				minimumVersion = 5.0.0;
			};
		};
		D08CC0E42909739F00319092 /* XCRemoteSwiftPackageReference "Then" */ = {
			isa = XCRemoteSwiftPackageReference;
			repositoryURL = "https://github.com/devxoul/Then.git";
			requirement = {
				kind = upToNextMajorVersion;
				minimumVersion = 3.0.0;
			};
		};
		D098DF36290622B7004452D9 /* XCRemoteSwiftPackageReference "RxSwift" */ = {
			isa = XCRemoteSwiftPackageReference;
			repositoryURL = "https://github.com/ReactiveX/RxSwift.git";
			requirement = {
				kind = upToNextMajorVersion;
				minimumVersion = 6.0.0;
			};
		};
/* End XCRemoteSwiftPackageReference section */

/* Begin XCSwiftPackageProductDependency section */
		D078E2EF2901009400BDB574 /* Alamofire */ = {
			isa = XCSwiftPackageProductDependency;
			package = D078E2EE2901009400BDB574 /* XCRemoteSwiftPackageReference "Alamofire" */;
			productName = Alamofire;
		};
		D078E2FB29010B3700BDB574 /* Kingfisher */ = {
			isa = XCSwiftPackageProductDependency;
			package = D078E2FA29010B3700BDB574 /* XCRemoteSwiftPackageReference "Kingfisher" */;
			productName = Kingfisher;
		};
		D0831AB529091AB70010D478 /* SnapKit */ = {
			isa = XCSwiftPackageProductDependency;
			package = D0831AB429091AB70010D478 /* XCRemoteSwiftPackageReference "SnapKit" */;
			productName = SnapKit;
		};
		D08CC0E52909739F00319092 /* Then */ = {
			isa = XCSwiftPackageProductDependency;
			package = D08CC0E42909739F00319092 /* XCRemoteSwiftPackageReference "Then" */;
			productName = Then;
		};
		D098DF37290622B7004452D9 /* RxCocoa */ = {
			isa = XCSwiftPackageProductDependency;
			package = D098DF36290622B7004452D9 /* XCRemoteSwiftPackageReference "RxSwift" */;
			productName = RxCocoa;
		};
		D098DF39290622B7004452D9 /* RxSwift */ = {
			isa = XCSwiftPackageProductDependency;
			package = D098DF36290622B7004452D9 /* XCRemoteSwiftPackageReference "RxSwift" */;
			productName = RxSwift;
		};
/* End XCSwiftPackageProductDependency section */
	};
	rootObject = D03A1E3C28FE2DB600B5CD2B /* Project object */;
}
